Microsoft Visual Studio Solution File, Format Version 11.00
# Visual Studio 2008

Project("{F0F66171-2589-B9AA-CEC3-A11630E70BE2}") = "iTweenHelper", "Assembly-CSharp.csproj", "{11AAFA43-20D8-A0A0-A73C-63495C971DCE}"
EndProject
Project("{F0F66171-2589-B9AA-CEC3-A11630E70BE2}") = "iTweenHelper", "Assembly-CSharp-Editor.csproj", "{1895E730-254A-C62B-0AC1-930B415643A4}"
EndProject
Global
	GlobalSection(SolutionConfigurationPlatforms) = preSolution
		Debug|Any CPU = Debug|Any CPU
		Release|Any CPU = Release|Any CPU
	EndGlobalSection
	GlobalSection(ProjectConfigurationPlatforms) = postSolution
		{11AAFA43-20D8-A0A0-A73C-63495C971DCE}.Debug|Any CPU.ActiveCfg = Debug|Any CPU
		{11AAFA43-20D8-A0A0-A73C-63495C971DCE}.Debug|Any CPU.Build.0 = Debug|Any CPU
		{11AAFA43-20D8-A0A0-A73C-63495C971DCE}.Release|Any CPU.ActiveCfg = Release|Any CPU
		{11AAFA43-20D8-A0A0-A73C-63495C971DCE}.Release|Any CPU.Build.0 = Release|Any CPU
		{1895E730-254A-C62B-0AC1-930B415643A4}.Debug|Any CPU.ActiveCfg = Debug|Any CPU
		{1895E730-254A-C62B-0AC1-930B415643A4}.Debug|Any CPU.Build.0 = Debug|Any CPU
		{1895E730-254A-C62B-0AC1-930B415643A4}.Release|Any CPU.ActiveCfg = Release|Any CPU
		{1895E730-254A-C62B-0AC1-930B415643A4}.Release|Any CPU.Build.0 = Release|Any CPU
	EndGlobalSection
	GlobalSection(SolutionProperties) = preSolution
		HideSolutionNode = FALSE
	EndGlobalSection
	GlobalSection(MonoDevelopProperties) = preSolution
		StartupItem = Assembly-CSharp.csproj
		Policies = $0
		$0.TextStylePolicy = $1
		$1.inheritsSet = null
		$1.scope = text/x-csharp
		$0.CSharpFormattingPolicy = $2
		$2.inheritsSet = Mono
		$2.inheritsScope = text/x-csharp
		$2.scope = text/x-csharp
		$0.TextStylePolicy = $3
		$3.FileWidth = 120
		$3.TabWidth = 4
		$3.IndentWidth = 4
		$3.EolMarker = Unix
		$3.inheritsSet = Mono
		$3.inheritsScope = text/plain
		$3.scope = text/plain
	EndGlobalSection
EndGlobal
